
Microsoft Visual Studio Solution File, Format Version 12.00
# Visual Studio Version 17
VisualStudioVersion = 17.14.36518.9
MinimumVisualStudioVersion = 10.0.40219.1
Project("{2150E333-8FDC-42A3-9474-1A3956D46DE8}") = "src", "src", "{827E0CD3-B72D-47B6-A68D-7590B98EB39B}"
EndProject
Project("{FAE04EC0-301F-11D3-BF4B-00C04F79EFBC}") = "SIPRI.Domain", "src\SIPRI.Domain\SIPRI.Domain.csproj", "{0152498F-86E7-4019-A27B-CDC1D4FBE929}"
EndProject
Project("{FAE04EC0-301F-11D3-BF4B-00C04F79EFBC}") = "SIPRI.Application", "src\SIPRI.Application\SIPRI.Application.csproj", "{8631DE91-1E95-41E1-993F-A9DFD94A7BB0}"
EndProject
Project("{FAE04EC0-301F-11D3-BF4B-00C04F79EFBC}") = "SIPRI.Infrastructure", "src\SIPRI.Infrastructure\SIPRI.Infrastructure.csproj", "{CD57249F-2610-4B92-98A1-026EFCC2D70A}"
EndProject
Project("{FAE04EC0-301F-11D3-BF4B-00C04F79EFBC}") = "SIPRI.Presentation", "src\SIPRI.Presentation\SIPRI.Presentation.csproj", "{4AC209E8-F3CD-48DC-AC6E-303D92D0A7D4}"
EndProject
Project("{2150E333-8FDC-42A3-9474-1A3956D46DE8}") = "tests", "tests", "{0AB3BF05-4346-4AA6-1389-037BE0695223}"
EndProject
Project("{FAE04EC0-301F-11D3-BF4B-00C04F79EFBC}") = "SIPRI.Domain.Tests", "tests\SIPRI.Domain.Tests\SIPRI.Domain.Tests.csproj", "{5353FDB4-515E-425F-8BF2-03A10F76BA96}"
EndProject
Project("{FAE04EC0-301F-11D3-BF4B-00C04F79EFBC}") = "SIPRI.Application.Tests", "tests\SIPRI.Application.Tests\SIPRI.Application.Tests.csproj", "{524B46B8-0D4D-4CB9-834F-C018B4689A38}"
EndProject
Project("{FAE04EC0-301F-11D3-BF4B-00C04F79EFBC}") = "SIPRI.Infrastructure.Tests", "tests\SIPRI.Infrastructure.Tests\SIPRI.Infrastructure.Tests.csproj", "{643C684D-6A97-49C6-9EA5-2BF5186C3D0F}"
EndProject
Project("{FAE04EC0-301F-11D3-BF4B-00C04F79EFBC}") = "SIPRI.Presentation.Tests", "tests\SIPRI.Presentation.Tests\SIPRI.Presentation.Tests.csproj", "{2AA24E2F-A7C7-4085-AD9A-000A01113238}"
EndProject
Global
	GlobalSection(SolutionConfigurationPlatforms) = preSolution
		Debug|Any CPU = Debug|Any CPU
		Debug|x64 = Debug|x64
		Debug|x86 = Debug|x86
		Release|Any CPU = Release|Any CPU
		Release|x64 = Release|x64
		Release|x86 = Release|x86
	EndGlobalSection
	GlobalSection(ProjectConfigurationPlatforms) = postSolution
		{0152498F-86E7-4019-A27B-CDC1D4FBE929}.Debug|Any CPU.ActiveCfg = Debug|Any CPU
		{0152498F-86E7-4019-A27B-CDC1D4FBE929}.Debug|Any CPU.Build.0 = Debug|Any CPU
		{0152498F-86E7-4019-A27B-CDC1D4FBE929}.Debug|x64.ActiveCfg = Debug|Any CPU
		{0152498F-86E7-4019-A27B-CDC1D4FBE929}.Debug|x64.Build.0 = Debug|Any CPU
		{0152498F-86E7-4019-A27B-CDC1D4FBE929}.Debug|x86.ActiveCfg = Debug|Any CPU
		{0152498F-86E7-4019-A27B-CDC1D4FBE929}.Debug|x86.Build.0 = Debug|Any CPU
		{0152498F-86E7-4019-A27B-CDC1D4FBE929}.Release|Any CPU.ActiveCfg = Release|Any CPU
		{0152498F-86E7-4019-A27B-CDC1D4FBE929}.Release|Any CPU.Build.0 = Release|Any CPU
		{0152498F-86E7-4019-A27B-CDC1D4FBE929}.Release|x64.ActiveCfg = Release|Any CPU
		{0152498F-86E7-4019-A27B-CDC1D4FBE929}.Release|x64.Build.0 = Release|Any CPU
		{0152498F-86E7-4019-A27B-CDC1D4FBE929}.Release|x86.ActiveCfg = Release|Any CPU
		{0152498F-86E7-4019-A27B-CDC1D4FBE929}.Release|x86.Build.0 = Release|Any CPU
		{8631DE91-1E95-41E1-993F-A9DFD94A7BB0}.Debug|Any CPU.ActiveCfg = Debug|Any CPU
		{8631DE91-1E95-41E1-993F-A9DFD94A7BB0}.Debug|Any CPU.Build.0 = Debug|Any CPU
		{8631DE91-1E95-41E1-993F-A9DFD94A7BB0}.Debug|x64.ActiveCfg = Debug|Any CPU
		{8631DE91-1E95-41E1-993F-A9DFD94A7BB0}.Debug|x64.Build.0 = Debug|Any CPU
		{8631DE91-1E95-41E1-993F-A9DFD94A7BB0}.Debug|x86.ActiveCfg = Debug|Any CPU
		{8631DE91-1E95-41E1-993F-A9DFD94A7BB0}.Debug|x86.Build.0 = Debug|Any CPU
		{8631DE91-1E95-41E1-993F-A9DFD94A7BB0}.Release|Any CPU.ActiveCfg = Release|Any CPU
		{8631DE91-1E95-41E1-993F-A9DFD94A7BB0}.Release|Any CPU.Build.0 = Release|Any CPU
		{8631DE91-1E95-41E1-993F-A9DFD94A7BB0}.Release|x64.ActiveCfg = Release|Any CPU
		{8631DE91-1E95-41E1-993F-A9DFD94A7BB0}.Release|x64.Build.0 = Release|Any CPU
		{8631DE91-1E95-41E1-993F-A9DFD94A7BB0}.Release|x86.ActiveCfg = Release|Any CPU
		{8631DE91-1E95-41E1-993F-A9DFD94A7BB0}.Release|x86.Build.0 = Release|Any CPU
		{CD57249F-2610-4B92-98A1-026EFCC2D70A}.Debug|Any CPU.ActiveCfg = Debug|Any CPU
		{CD57249F-2610-4B92-98A1-026EFCC2D70A}.Debug|Any CPU.Build.0 = Debug|Any CPU
		{CD57249F-2610-4B92-98A1-026EFCC2D70A}.Debug|x64.ActiveCfg = Debug|Any CPU
		{CD57249F-2610-4B92-98A1-026EFCC2D70A}.Debug|x64.Build.0 = Debug|Any CPU
		{CD57249F-2610-4B92-98A1-026EFCC2D70A}.Debug|x86.ActiveCfg = Debug|Any CPU
		{CD57249F-2610-4B92-98A1-026EFCC2D70A}.Debug|x86.Build.0 = Debug|Any CPU
		{CD57249F-2610-4B92-98A1-026EFCC2D70A}.Release|Any CPU.ActiveCfg = Release|Any CPU
		{CD57249F-2610-4B92-98A1-026EFCC2D70A}.Release|Any CPU.Build.0 = Release|Any CPU
		{CD57249F-2610-4B92-98A1-026EFCC2D70A}.Release|x64.ActiveCfg = Release|Any CPU
		{CD57249F-2610-4B92-98A1-026EFCC2D70A}.Release|x64.Build.0 = Release|Any CPU
		{CD57249F-2610-4B92-98A1-026EFCC2D70A}.Release|x86.ActiveCfg = Release|Any CPU
		{CD57249F-2610-4B92-98A1-026EFCC2D70A}.Release|x86.Build.0 = Release|Any CPU
		{4AC209E8-F3CD-48DC-AC6E-303D92D0A7D4}.Debug|Any CPU.ActiveCfg = Debug|Any CPU
		{4AC209E8-F3CD-48DC-AC6E-303D92D0A7D4}.Debug|Any CPU.Build.0 = Debug|Any CPU
		{4AC209E8-F3CD-48DC-AC6E-303D92D0A7D4}.Debug|x64.ActiveCfg = Debug|Any CPU
		{4AC209E8-F3CD-48DC-AC6E-303D92D0A7D4}.Debug|x64.Build.0 = Debug|Any CPU
		{4AC209E8-F3CD-48DC-AC6E-303D92D0A7D4}.Debug|x86.ActiveCfg = Debug|Any CPU
		{4AC209E8-F3CD-48DC-AC6E-303D92D0A7D4}.Debug|x86.Build.0 = Debug|Any CPU
		{4AC209E8-F3CD-48DC-AC6E-303D92D0A7D4}.Release|Any CPU.ActiveCfg = Release|Any CPU
		{4AC209E8-F3CD-48DC-AC6E-303D92D0A7D4}.Release|Any CPU.Build.0 = Release|Any CPU
		{4AC209E8-F3CD-48DC-AC6E-303D92D0A7D4}.Release|x64.ActiveCfg = Release|Any CPU
		{4AC209E8-F3CD-48DC-AC6E-303D92D0A7D4}.Release|x64.Build.0 = Release|Any CPU
		{4AC209E8-F3CD-48DC-AC6E-303D92D0A7D4}.Release|x86.ActiveCfg = Release|Any CPU
		{4AC209E8-F3CD-48DC-AC6E-303D92D0A7D4}.Release|x86.Build.0 = Release|Any CPU
		{5353FDB4-515E-425F-8BF2-03A10F76BA96}.Debug|Any CPU.ActiveCfg = Debug|Any CPU
		{5353FDB4-515E-425F-8BF2-03A10F76BA96}.Debug|Any CPU.Build.0 = Debug|Any CPU
		{5353FDB4-515E-425F-8BF2-03A10F76BA96}.Debug|x64.ActiveCfg = Debug|Any CPU
		{5353FDB4-515E-425F-8BF2-03A10F76BA96}.Debug|x64.Build.0 = Debug|Any CPU
		{5353FDB4-515E-425F-8BF2-03A10F76BA96}.Debug|x86.ActiveCfg = Debug|Any CPU
		{5353FDB4-515E-425F-8BF2-03A10F76BA96}.Debug|x86.Build.0 = Debug|Any CPU
		{5353FDB4-515E-425F-8BF2-03A10F76BA96}.Release|Any CPU.ActiveCfg = Release|Any CPU
		{5353FDB4-515E-425F-8BF2-03A10F76BA96}.Release|Any CPU.Build.0 = Release|Any CPU
		{5353FDB4-515E-425F-8BF2-03A10F76BA96}.Release|x64.ActiveCfg = Release|Any CPU
		{5353FDB4-515E-425F-8BF2-03A10F76BA96}.Release|x64.Build.0 = Release|Any CPU
		{5353FDB4-515E-425F-8BF2-03A10F76BA96}.Release|x86.ActiveCfg = Release|Any CPU
		{5353FDB4-515E-425F-8BF2-03A10F76BA96}.Release|x86.Build.0 = Release|Any CPU
		{524B46B8-0D4D-4CB9-834F-C018B4689A38}.Debug|Any CPU.ActiveCfg = Debug|Any CPU
		{524B46B8-0D4D-4CB9-834F-C018B4689A38}.Debug|Any CPU.Build.0 = Debug|Any CPU
		{524B46B8-0D4D-4CB9-834F-C018B4689A38}.Debug|x64.ActiveCfg = Debug|Any CPU
		{524B46B8-0D4D-4CB9-834F-C018B4689A38}.Debug|x64.Build.0 = Debug|Any CPU
		{524B46B8-0D4D-4CB9-834F-C018B4689A38}.Debug|x86.ActiveCfg = Debug|Any CPU
		{524B46B8-0D4D-4CB9-834F-C018B4689A38}.Debug|x86.Build.0 = Debug|Any CPU
		{524B46B8-0D4D-4CB9-834F-C018B4689A38}.Release|Any CPU.ActiveCfg = Release|Any CPU
		{524B46B8-0D4D-4CB9-834F-C018B4689A38}.Release|Any CPU.Build.0 = Release|Any CPU
		{524B46B8-0D4D-4CB9-834F-C018B4689A38}.Release|x64.ActiveCfg = Release|Any CPU
		{524B46B8-0D4D-4CB9-834F-C018B4689A38}.Release|x64.Build.0 = Release|Any CPU
		{524B46B8-0D4D-4CB9-834F-C018B4689A38}.Release|x86.ActiveCfg = Release|Any CPU
		{524B46B8-0D4D-4CB9-834F-C018B4689A38}.Release|x86.Build.0 = Release|Any CPU
		{643C684D-6A97-49C6-9EA5-2BF5186C3D0F}.Debug|Any CPU.ActiveCfg = Debug|Any CPU
		{643C684D-6A97-49C6-9EA5-2BF5186C3D0F}.Debug|Any CPU.Build.0 = Debug|Any CPU
		{643C684D-6A97-49C6-9EA5-2BF5186C3D0F}.Debug|x64.ActiveCfg = Debug|Any CPU
		{643C684D-6A97-49C6-9EA5-2BF5186C3D0F}.Debug|x64.Build.0 = Debug|Any CPU
		{643C684D-6A97-49C6-9EA5-2BF5186C3D0F}.Debug|x86.ActiveCfg = Debug|Any CPU
		{643C684D-6A97-49C6-9EA5-2BF5186C3D0F}.Debug|x86.Build.0 = Debug|Any CPU
		{643C684D-6A97-49C6-9EA5-2BF5186C3D0F}.Release|Any CPU.ActiveCfg = Release|Any CPU
		{643C684D-6A97-49C6-9EA5-2BF5186C3D0F}.Release|Any CPU.Build.0 = Release|Any CPU
		{643C684D-6A97-49C6-9EA5-2BF5186C3D0F}.Release|x64.ActiveCfg = Release|Any CPU
		{643C684D-6A97-49C6-9EA5-2BF5186C3D0F}.Release|x64.Build.0 = Release|Any CPU
		{643C684D-6A97-49C6-9EA5-2BF5186C3D0F}.Release|x86.ActiveCfg = Release|Any CPU
		{643C684D-6A97-49C6-9EA5-2BF5186C3D0F}.Release|x86.Build.0 = Release|Any CPU
		{2AA24E2F-A7C7-4085-AD9A-000A01113238}.Debug|Any CPU.ActiveCfg = Debug|Any CPU
		{2AA24E2F-A7C7-4085-AD9A-000A01113238}.Debug|Any CPU.Build.0 = Debug|Any CPU
		{2AA24E2F-A7C7-4085-AD9A-000A01113238}.Debug|x64.ActiveCfg = Debug|Any CPU
		{2AA24E2F-A7C7-4085-AD9A-000A01113238}.Debug|x64.Build.0 = Debug|Any CPU
		{2AA24E2F-A7C7-4085-AD9A-000A01113238}.Debug|x86.ActiveCfg = Debug|Any CPU
		{2AA24E2F-A7C7-4085-AD9A-000A01113238}.Debug|x86.Build.0 = Debug|Any CPU
		{2AA24E2F-A7C7-4085-AD9A-000A01113238}.Release|Any CPU.ActiveCfg = Release|Any CPU
		{2AA24E2F-A7C7-4085-AD9A-000A01113238}.Release|Any CPU.Build.0 = Release|Any CPU
		{2AA24E2F-A7C7-4085-AD9A-000A01113238}.Release|x64.ActiveCfg = Release|Any CPU
		{2AA24E2F-A7C7-4085-AD9A-000A01113238}.Release|x64.Build.0 = Release|Any CPU
		{2AA24E2F-A7C7-4085-AD9A-000A01113238}.Release|x86.ActiveCfg = Release|Any CPU
		{2AA24E2F-A7C7-4085-AD9A-000A01113238}.Release|x86.Build.0 = Release|Any CPU
	EndGlobalSection
	GlobalSection(SolutionProperties) = preSolution
		HideSolutionNode = FALSE
	EndGlobalSection
	GlobalSection(NestedProjects) = preSolution
		{0152498F-86E7-4019-A27B-CDC1D4FBE929} = {827E0CD3-B72D-47B6-A68D-7590B98EB39B}
		{8631DE91-1E95-41E1-993F-A9DFD94A7BB0} = {827E0CD3-B72D-47B6-A68D-7590B98EB39B}
		{CD57249F-2610-4B92-98A1-026EFCC2D70A} = {827E0CD3-B72D-47B6-A68D-7590B98EB39B}
		{4AC209E8-F3CD-48DC-AC6E-303D92D0A7D4} = {827E0CD3-B72D-47B6-A68D-7590B98EB39B}
		{5353FDB4-515E-425F-8BF2-03A10F76BA96} = {0AB3BF05-4346-4AA6-1389-037BE0695223}
		{524B46B8-0D4D-4CB9-834F-C018B4689A38} = {0AB3BF05-4346-4AA6-1389-037BE0695223}
		{643C684D-6A97-49C6-9EA5-2BF5186C3D0F} = {0AB3BF05-4346-4AA6-1389-037BE0695223}
		{2AA24E2F-A7C7-4085-AD9A-000A01113238} = {0AB3BF05-4346-4AA6-1389-037BE0695223}
	EndGlobalSection
	GlobalSection(ExtensibilityGlobals) = postSolution
		SolutionGuid = {93C8CDC3-E62B-4310-BC81-340B81A5DCD9}
	EndGlobalSection
EndGlobal
